{
  "object": {
    "pins": [
      {
        "package": "Raylib",
        "repositoryURL": "https://github.com/conifer-dev/raylib-swift",
        "state": {
          "branch": "master",
          "revision": "01d3be42348327bf336e79ca7185005ededee9c5",
          "version": null
        }
      }
    ]
  },
  "version": 1
}
