{
  "object": {
    "pins": [
      {
        "package": "Raylib",
        "repositoryURL": "https://github.com/conifer-dev/raylib-swift",
        "state": {
          "branch": "master",
          "revision": "4113664894d92a98b923ed7a5039d5995f5d01c6",
          "version": null
        }
      }
    ]
  },
  "version": 1
}
