{
  "object": {
    "pins": [
      {
        "package": "Raylib",
        "repositoryURL": "https://github.com/STREGAsGate/Raylib.git",
        "state": {
          "branch": "master",
          "revision": "79248b76558ab91d564f2d76795be7a56e2c85b2",
          "version": null
        }
      }
    ]
  },
  "version": 1
}
